
Microsoft Visual Studio Solution File, Format Version 12.00
# Visual Studio Version 16
VisualStudioVersion = 16.0.31129.286
MinimumVisualStudioVersion = 10.0.40219.1
Project("{9A19103F-16F7-4668-BE54-9A1E7A4F7556}") = "OnlineShoppingApp", "OnlineShoppingApp\OnlineShoppingApp.csproj", "{E928FAA3-4AD6-436E-81A7-FA78645D7A3A}"
EndProject
Project("{9A19103F-16F7-4668-BE54-9A1E7A4F7556}") = "OnlineShoppingApp.BL", "OnlineShoppingApp.BL\OnlineShoppingApp.BL.csproj", "{22DD421B-6091-454C-8FD6-EDF3403501F7}"
EndProject
Project("{9A19103F-16F7-4668-BE54-9A1E7A4F7556}") = "OnlineShoppingApp.DL", "OnlineShoppingApp.DL\OnlineShoppingApp.DL.csproj", "{7915C428-400E-40F6-8814-3A68044BCF73}"
EndProject
Project("{FAE04EC0-301F-11D3-BF4B-00C04F79EFBC}") = "OnlineShoppingWebservice", "OnlineShoppingWebservice\OnlineShoppingWebservice.csproj", "{307D1987-D339-4A5F-8DD1-A0991271CA11}"
EndProject
Global
	GlobalSection(SolutionConfigurationPlatforms) = preSolution
		Debug|Any CPU = Debug|Any CPU
		Release|Any CPU = Release|Any CPU
	EndGlobalSection
	GlobalSection(ProjectConfigurationPlatforms) = postSolution
		{E928FAA3-4AD6-436E-81A7-FA78645D7A3A}.Debug|Any CPU.ActiveCfg = Debug|Any CPU
		{E928FAA3-4AD6-436E-81A7-FA78645D7A3A}.Debug|Any CPU.Build.0 = Debug|Any CPU
		{E928FAA3-4AD6-436E-81A7-FA78645D7A3A}.Release|Any CPU.ActiveCfg = Release|Any CPU
		{E928FAA3-4AD6-436E-81A7-FA78645D7A3A}.Release|Any CPU.Build.0 = Release|Any CPU
		{22DD421B-6091-454C-8FD6-EDF3403501F7}.Debug|Any CPU.ActiveCfg = Debug|Any CPU
		{22DD421B-6091-454C-8FD6-EDF3403501F7}.Debug|Any CPU.Build.0 = Debug|Any CPU
		{22DD421B-6091-454C-8FD6-EDF3403501F7}.Release|Any CPU.ActiveCfg = Release|Any CPU
		{22DD421B-6091-454C-8FD6-EDF3403501F7}.Release|Any CPU.Build.0 = Release|Any CPU
		{7915C428-400E-40F6-8814-3A68044BCF73}.Debug|Any CPU.ActiveCfg = Debug|Any CPU
		{7915C428-400E-40F6-8814-3A68044BCF73}.Debug|Any CPU.Build.0 = Debug|Any CPU
		{7915C428-400E-40F6-8814-3A68044BCF73}.Release|Any CPU.ActiveCfg = Release|Any CPU
		{7915C428-400E-40F6-8814-3A68044BCF73}.Release|Any CPU.Build.0 = Release|Any CPU
		{307D1987-D339-4A5F-8DD1-A0991271CA11}.Debug|Any CPU.ActiveCfg = Debug|Any CPU
		{307D1987-D339-4A5F-8DD1-A0991271CA11}.Debug|Any CPU.Build.0 = Debug|Any CPU
		{307D1987-D339-4A5F-8DD1-A0991271CA11}.Release|Any CPU.ActiveCfg = Release|Any CPU
		{307D1987-D339-4A5F-8DD1-A0991271CA11}.Release|Any CPU.Build.0 = Release|Any CPU
	EndGlobalSection
	GlobalSection(SolutionProperties) = preSolution
		HideSolutionNode = FALSE
	EndGlobalSection
	GlobalSection(ExtensibilityGlobals) = postSolution
		SolutionGuid = {B9603DF1-318A-4B10-8918-7042F8B05A24}
	EndGlobalSection
EndGlobal
